
Microsoft Visual Studio Solution File, Format Version 12.00
# Visual Studio 15
VisualStudioVersion = 15.0.26730.16
MinimumVisualStudioVersion = 10.0.40219.1
Project("{9A19103F-16F7-4668-BE54-9A1E7A4F7556}") = "M2MqttExampleClient", "M2MqttClient\M2MqttExampleClient.csproj", "{2E5BF6B6-A9F6-4013-8CFD-20D09137EE88}"
EndProject
Project("{9A19103F-16F7-4668-BE54-9A1E7A4F7556}") = "M2MqttExampleClient40", "M2MqttClient40\M2MqttExampleClient40.csproj", "{E5E64824-B4D3-414B-B0D1-7DD50F5AEB7B}"
EndProject
Project("{2150E333-8FDC-42A3-9474-1A3956D46DE8}") = "GatewayConfigurationFiles", "GatewayConfigurationFiles", "{9FB4CE85-48E5-4828-9A75-44B2282014AA}"
	ProjectSection(SolutionItems) = preProject
		ConfigurationFiles\alarmlist.csv = ConfigurationFiles\alarmlist.csv
		GatewayConfigurationFiles\availablesensorlist.csv = GatewayConfigurationFiles\availablesensorlist.csv
		ConfigurationFiles\dataframelist.csv = ConfigurationFiles\dataframelist.csv
		ConfigurationFiles\sensorlist.csv = ConfigurationFiles\sensorlist.csv
		ConfigurationFiles\statechangelist.csv = ConfigurationFiles\statechangelist.csv
	EndProjectSection
EndProject
Global
	GlobalSection(SolutionConfigurationPlatforms) = preSolution
		Debug|Any CPU = Debug|Any CPU
		Release|Any CPU = Release|Any CPU
	EndGlobalSection
	GlobalSection(ProjectConfigurationPlatforms) = postSolution
		{2E5BF6B6-A9F6-4013-8CFD-20D09137EE88}.Debug|Any CPU.ActiveCfg = Debug|Any CPU
		{2E5BF6B6-A9F6-4013-8CFD-20D09137EE88}.Debug|Any CPU.Build.0 = Debug|Any CPU
		{2E5BF6B6-A9F6-4013-8CFD-20D09137EE88}.Release|Any CPU.ActiveCfg = Release|Any CPU
		{2E5BF6B6-A9F6-4013-8CFD-20D09137EE88}.Release|Any CPU.Build.0 = Release|Any CPU
		{E5E64824-B4D3-414B-B0D1-7DD50F5AEB7B}.Debug|Any CPU.ActiveCfg = Debug|Any CPU
		{E5E64824-B4D3-414B-B0D1-7DD50F5AEB7B}.Debug|Any CPU.Build.0 = Debug|Any CPU
		{E5E64824-B4D3-414B-B0D1-7DD50F5AEB7B}.Release|Any CPU.ActiveCfg = Release|Any CPU
		{E5E64824-B4D3-414B-B0D1-7DD50F5AEB7B}.Release|Any CPU.Build.0 = Release|Any CPU
	EndGlobalSection
	GlobalSection(SolutionProperties) = preSolution
		HideSolutionNode = FALSE
	EndGlobalSection
	GlobalSection(ExtensibilityGlobals) = postSolution
		SolutionGuid = {44A611DE-4771-46B0-9E54-A190BC07F1B8}
	EndGlobalSection
EndGlobal
